
Microsoft Visual Studio Solution File, Format Version 12.00
# Visual Studio Version 16
VisualStudioVersion = 16.0.29920.165
MinimumVisualStudioVersion = 10.0.40219.1
Project("{9A19103F-16F7-4668-BE54-9A1E7A4F7556}") = "pipelineMvcDemo", "pipelineMvcDemo.csproj", "{647156C7-5089-4D79-A5A4-E518C11A8BFD}"
EndProject
Global
	GlobalSection(SolutionConfigurationPlatforms) = preSolution
		Debug|Any CPU = Debug|Any CPU
		Release|Any CPU = Release|Any CPU
	EndGlobalSection
	GlobalSection(ProjectConfigurationPlatforms) = postSolution
		{647156C7-5089-4D79-A5A4-E518C11A8BFD}.Debug|Any CPU.ActiveCfg = Debug|Any CPU
		{647156C7-5089-4D79-A5A4-E518C11A8BFD}.Debug|Any CPU.Build.0 = Debug|Any CPU
		{647156C7-5089-4D79-A5A4-E518C11A8BFD}.Release|Any CPU.ActiveCfg = Release|Any CPU
		{647156C7-5089-4D79-A5A4-E518C11A8BFD}.Release|Any CPU.Build.0 = Release|Any CPU
	EndGlobalSection
	GlobalSection(SolutionProperties) = preSolution
		HideSolutionNode = FALSE
	EndGlobalSection
	GlobalSection(ExtensibilityGlobals) = postSolution
		SolutionGuid = {6101CCD8-B09F-4011-B00E-7C8C529989D8}
	EndGlobalSection
EndGlobal
